
Microsoft Visual Studio Solution File, Format Version 12.00
# Visual Studio Version 16
VisualStudioVersion = 16.0.31727.386
MinimumVisualStudioVersion = 10.0.40219.1
Project("{FAE04EC0-301F-11D3-BF4B-00C04F79EFBC}") = "ef-tutorial-code-first", "ef-tutorial-code-first\ef-tutorial-code-first.csproj", "{5932A0B5-687C-4FF0-A1A6-15BD84ECE6F6}"
EndProject
Project("{FAE04EC0-301F-11D3-BF4B-00C04F79EFBC}") = "SalesDbLib", "SalesDbLib\SalesDbLib.csproj", "{46FE4C29-7512-4DCA-A236-C2DCA38FA279}"
EndProject
Global
	GlobalSection(SolutionConfigurationPlatforms) = preSolution
		Debug|Any CPU = Debug|Any CPU
		Release|Any CPU = Release|Any CPU
	EndGlobalSection
	GlobalSection(ProjectConfigurationPlatforms) = postSolution
		{5932A0B5-687C-4FF0-A1A6-15BD84ECE6F6}.Debug|Any CPU.ActiveCfg = Debug|Any CPU
		{5932A0B5-687C-4FF0-A1A6-15BD84ECE6F6}.Debug|Any CPU.Build.0 = Debug|Any CPU
		{5932A0B5-687C-4FF0-A1A6-15BD84ECE6F6}.Release|Any CPU.ActiveCfg = Release|Any CPU
		{5932A0B5-687C-4FF0-A1A6-15BD84ECE6F6}.Release|Any CPU.Build.0 = Release|Any CPU
		{46FE4C29-7512-4DCA-A236-C2DCA38FA279}.Debug|Any CPU.ActiveCfg = Debug|Any CPU
		{46FE4C29-7512-4DCA-A236-C2DCA38FA279}.Debug|Any CPU.Build.0 = Debug|Any CPU
		{46FE4C29-7512-4DCA-A236-C2DCA38FA279}.Release|Any CPU.ActiveCfg = Release|Any CPU
		{46FE4C29-7512-4DCA-A236-C2DCA38FA279}.Release|Any CPU.Build.0 = Release|Any CPU
	EndGlobalSection
	GlobalSection(SolutionProperties) = preSolution
		HideSolutionNode = FALSE
	EndGlobalSection
	GlobalSection(ExtensibilityGlobals) = postSolution
		SolutionGuid = {68E2B5D3-3CD6-472C-B216-6D3DB76BE8F2}
	EndGlobalSection
EndGlobal
